// !$*UTF8*$!
{
	archiveVersion = 1;
	classes = {
	};
	objectVersion = 77;
	objects = {

/* Begin PBXContainerItemProxy section */
		14CC36282DF838FE009D6794 /* PBXContainerItemProxy */ = {
			isa = PBXContainerItemProxy;
			containerPortal = 14CC36092DF838FC009D6794 /* Project object */;
			proxyType = 1;
			remoteGlobalIDString = 14CC36102DF838FC009D6794;
			remoteInfo = MeetLoop;
		};
		14CC36322DF838FE009D6794 /* PBXContainerItemProxy */ = {
			isa = PBXContainerItemProxy;
			containerPortal = 14CC36092DF838FC009D6794 /* Project object */;
			proxyType = 1;
			remoteGlobalIDString = 14CC36102DF838FC009D6794;
			remoteInfo = MeetLoop;
		};
/* End PBXContainerItemProxy section */

/* Begin PBXFileReference section */
		14CC36112DF838FC009D6794 /* MeetLoop.app */ = {isa = PBXFileReference; explicitFileType = wrapper.application; includeInIndex = 0; path = MeetLoop.app; sourceTree = BUILT_PRODUCTS_DIR; };
		14CC36272DF838FE009D6794 /* MeetLoopTests.xctest */ = {isa = PBXFileReference; explicitFileType = wrapper.cfbundle; includeInIndex = 0; path = MeetLoopTests.xctest; sourceTree = BUILT_PRODUCTS_DIR; };
		14CC36312DF838FE009D6794 /* MeetLoopUITests.xctest */ = {isa = PBXFileReference; explicitFileType = wrapper.cfbundle; includeInIndex = 0; path = MeetLoopUITests.xctest; sourceTree = BUILT_PRODUCTS_DIR; };
/* End PBXFileReference section */

/* Begin PBXFileSystemSynchronizedBuildFileExceptionSet section */
		14CC36392DF838FE009D6794 /* Exceptions for "MeetLoop" folder in "MeetLoop" target */ = {
			isa = PBXFileSystemSynchronizedBuildFileExceptionSet;
			membershipExceptions = (
				Info.plist,
			);
			target = 14CC36102DF838FC009D6794 /* MeetLoop */;
		};
/* End PBXFileSystemSynchronizedBuildFileExceptionSet section */

/* Begin PBXFileSystemSynchronizedRootGroup section */
		14CC36132DF838FC009D6794 /* MeetLoop */ = {
			isa = PBXFileSystemSynchronizedRootGroup;
			exceptions = (
				14CC36392DF838FE009D6794 /* Exceptions for "MeetLoop" folder in "MeetLoop" target */,
			);
			path = MeetLoop;
			sourceTree = "<group>";
		};
		14CC362A2DF838FE009D6794 /* MeetLoopTests */ = {
			isa = PBXFileSystemSynchronizedRootGroup;
			path = MeetLoopTests;
			sourceTree = "<group>";
		};
		14CC36342DF838FE009D6794 /* MeetLoopUITests */ = {
			isa = PBXFileSystemSynchronizedRootGroup;
			path = MeetLoopUITests;
			sourceTree = "<group>";
		};
/* End PBXFileSystemSynchronizedRootGroup section */

/* Begin PBXFrameworksBuildPhase section */
		14CC360E2DF838FC009D6794 /* Frameworks */ = {
			isa = PBXFrameworksBuildPhase;
			buildActionMask = 2147483647;
			files = (
			);
			runOnlyForDeploymentPostprocessing = 0;
		};
		14CC36242DF838FE009D6794 /* Frameworks */ = {
			isa = PBXFrameworksBuildPhase;
			buildActionMask = 2147483647;
			files = (
			);
			runOnlyForDeploymentPostprocessing = 0;
		};
		14CC362E2DF838FE009D6794 /* Frameworks */ = {
			isa = PBXFrameworksBuildPhase;
			buildActionMask = 2147483647;
			files = (
			);
			runOnlyForDeploymentPostprocessing = 0;
		};
/* End PBXFrameworksBuildPhase section */

/* Begin PBXGroup section */
		14CC36082DF838FC009D6794 = {
			isa = PBXGroup;
			children = (
				14CC36132DF838FC009D6794 /* MeetLoop */,
				14CC362A2DF838FE009D6794 /* MeetLoopTests */,
				14CC36342DF838FE009D6794 /* MeetLoopUITests */,
				14CC36122DF838FC009D6794 /* Products */,
			);
			sourceTree = "<group>";
		};
		14CC36122DF838FC009D6794 /* Products */ = {
			isa = PBXGroup;
			children = (
				14CC36112DF838FC009D6794 /* MeetLoop.app */,
				14CC36272DF838FE009D6794 /* MeetLoopTests.xctest */,
				14CC36312DF838FE009D6794 /* MeetLoopUITests.xctest */,
			);
			name = Products;
			sourceTree = "<group>";
		};
/* End PBXGroup section */

/* Begin PBXNativeTarget section */
		14CC36102DF838FC009D6794 /* MeetLoop */ = {
			isa = PBXNativeTarget;
			buildConfigurationList = 14CC363A2DF838FE009D6794 /* Build configuration list for PBXNativeTarget "MeetLoop" */;
			buildPhases = (
				14CC360D2DF838FC009D6794 /* Sources */,
				14CC360E2DF838FC009D6794 /* Frameworks */,
				14CC360F2DF838FC009D6794 /* Resources */,
			);
			buildRules = (
			);
			dependencies = (
			);
			fileSystemSynchronizedGroups = (
				14CC36132DF838FC009D6794 /* MeetLoop */,
			);
			name = MeetLoop;
			packageProductDependencies = (
			);
			productName = MeetLoop;
			productReference = 14CC36112DF838FC009D6794 /* MeetLoop.app */;
			productType = "com.apple.product-type.application";
		};
		14CC36262DF838FE009D6794 /* MeetLoopTests */ = {
			isa = PBXNativeTarget;
			buildConfigurationList = 14CC363F2DF838FE009D6794 /* Build configuration list for PBXNativeTarget "MeetLoopTests" */;
			buildPhases = (
				14CC36232DF838FE009D6794 /* Sources */,
				14CC36242DF838FE009D6794 /* Frameworks */,
				14CC36252DF838FE009D6794 /* Resources */,
			);
			buildRules = (
			);
			dependencies = (
				14CC36292DF838FE009D6794 /* PBXTargetDependency */,
			);
			fileSystemSynchronizedGroups = (
				14CC362A2DF838FE009D6794 /* MeetLoopTests */,
			);
			name = MeetLoopTests;
			packageProductDependencies = (
			);
			productName = MeetLoopTests;
			productReference = 14CC36272DF838FE009D6794 /* MeetLoopTests.xctest */;
			productType = "com.apple.product-type.bundle.unit-test";
		};
		14CC36302DF838FE009D6794 /* MeetLoopUITests */ = {
			isa = PBXNativeTarget;
			buildConfigurationList = 14CC36422DF838FE009D6794 /* Build configuration list for PBXNativeTarget "MeetLoopUITests" */;
			buildPhases = (
				14CC362D2DF838FE009D6794 /* Sources */,
				14CC362E2DF838FE009D6794 /* Frameworks */,
				14CC362F2DF838FE009D6794 /* Resources */,
			);
			buildRules = (
			);
			dependencies = (
				14CC36332DF838FE009D6794 /* PBXTargetDependency */,
			);
			fileSystemSynchronizedGroups = (
				14CC36342DF838FE009D6794 /* MeetLoopUITests */,
			);
			name = MeetLoopUITests;
			packageProductDependencies = (
			);
			productName = MeetLoopUITests;
			productReference = 14CC36312DF838FE009D6794 /* MeetLoopUITests.xctest */;
			productType = "com.apple.product-type.bundle.ui-testing";
		};
/* End PBXNativeTarget section */

/* Begin PBXProject section */
		14CC36092DF838FC009D6794 /* Project object */ = {
			isa = PBXProject;
			attributes = {
				BuildIndependentTargetsInParallel = 1;
				LastSwiftUpdateCheck = 1620;
				LastUpgradeCheck = 1620;
				TargetAttributes = {
					14CC36102DF838FC009D6794 = {
						CreatedOnToolsVersion = 16.2;
					};
					14CC36262DF838FE009D6794 = {
						CreatedOnToolsVersion = 16.2;
						TestTargetID = 14CC36102DF838FC009D6794;
					};
					14CC36302DF838FE009D6794 = {
						CreatedOnToolsVersion = 16.2;
						TestTargetID = 14CC36102DF838FC009D6794;
					};
				};
			};
			buildConfigurationList = 14CC360C2DF838FC009D6794 /* Build configuration list for PBXProject "MeetLoop" */;
			developmentRegion = en;
			hasScannedForEncodings = 0;
			knownRegions = (
				en,
				Base,
			);
			mainGroup = 14CC36082DF838FC009D6794;
			minimizedProjectReferenceProxies = 1;
			preferredProjectObjectVersion = 77;
			productRefGroup = 14CC36122DF838FC009D6794 /* Products */;
			projectDirPath = "";
			projectRoot = "";
			targets = (
				14CC36102DF838FC009D6794 /* MeetLoop */,
				14CC36262DF838FE009D6794 /* MeetLoopTests */,
				14CC36302DF838FE009D6794 /* MeetLoopUITests */,
			);
		};
/* End PBXProject section */

/* Begin PBXResourcesBuildPhase section */
		14CC360F2DF838FC009D6794 /* Resources */ = {
			isa = PBXResourcesBuildPhase;
			buildActionMask = 2147483647;
			files = (
			);
			runOnlyForDeploymentPostprocessing = 0;
		};
		14CC36252DF838FE009D6794 /* Resources */ = {
			isa = PBXResourcesBuildPhase;
			buildActionMask = 2147483647;
			files = (
			);
			runOnlyForDeploymentPostprocessing = 0;
		};
		14CC362F2DF838FE009D6794 /* Resources */ = {
			isa = PBXResourcesBuildPhase;
			buildActionMask = 2147483647;
			files = (
			);
			runOnlyForDeploymentPostprocessing = 0;
		};
/* End PBXResourcesBuildPhase section */

/* Begin PBXSourcesBuildPhase section */
		14CC360D2DF838FC009D6794 /* Sources */ = {
			isa = PBXSourcesBuildPhase;
			buildActionMask = 2147483647;
			files = (
			);
			runOnlyForDeploymentPostprocessing = 0;
		};
		14CC36232DF838FE009D6794 /* Sources */ = {
			isa = PBXSourcesBuildPhase;
			buildActionMask = 2147483647;
			files = (
			);
			runOnlyForDeploymentPostprocessing = 0;
		};
		14CC362D2DF838FE009D6794 /* Sources */ = {
			isa = PBXSourcesBuildPhase;
			buildActionMask = 2147483647;
			files = (
			);
			runOnlyForDeploymentPostprocessing = 0;
		};
/* End PBXSourcesBuildPhase section */

/* Begin PBXTargetDependency section */
		14CC36292DF838FE009D6794 /* PBXTargetDependency */ = {
			isa = PBXTargetDependency;
			target = 14CC36102DF838FC009D6794 /* MeetLoop */;
			targetProxy = 14CC36282DF838FE009D6794 /* PBXContainerItemProxy */;
		};
		14CC36332DF838FE009D6794 /* PBXTargetDependency */ = {
			isa = PBXTargetDependency;
			target = 14CC36102DF838FC009D6794 /* MeetLoop */;
			targetProxy = 14CC36322DF838FE009D6794 /* PBXContainerItemProxy */;
		};
/* End PBXTargetDependency section */

/* Begin XCBuildConfiguration section */
		14CC363B2DF838FE009D6794 /* Debug */ = {
			isa = XCBuildConfiguration;
			buildSettings = {
				ASSETCATALOG_COMPILER_APPICON_NAME = AppIcon;
				ASSETCATALOG_COMPILER_GLOBAL_ACCENT_COLOR_NAME = AccentColor;
				CODE_SIGN_STYLE = Automatic;
				CURRENT_PROJECT_VERSION = 1;
				DEVELOPMENT_TEAM = KFH4Q9R7N7;
				GENERATE_INFOPLIST_FILE = YES;
				INFOPLIST_FILE = MeetLoop/Info.plist;
				INFOPLIST_KEY_UIApplicationSupportsIndirectInputEvents = YES;
				INFOPLIST_KEY_UILaunchStoryboardName = LaunchScreen;
				INFOPLIST_KEY_UIMainStoryboardFile = Main;
				INFOPLIST_KEY_UISupportedInterfaceOrientations_iPad = "UIInterfaceOrientationPortrait UIInterfaceOrientationPortraitUpsideDown UIInterfaceOrientationLandscapeLeft UIInterfaceOrientationLandscapeRight";
				INFOPLIST_KEY_UISupportedInterfaceOrientations_iPhone = "UIInterfaceOrientationPortrait UIInterfaceOrientationLandscapeLeft UIInterfaceOrientationLandscapeRight";
				LD_RUNPATH_SEARCH_PATHS = (
					"$(inherited)",
					"@executable_path/Frameworks",
				);
				MARKETING_VERSION = 1.0;
				PRODUCT_BUNDLE_IDENTIFIER = playos.MeetLoop;
				PRODUCT_NAME = "$(TARGET_NAME)";
				SWIFT_EMIT_LOC_STRINGS = YES;
				SWIFT_VERSION = 5.0;
				TARGETED_DEVICE_FAMILY = "1,2";
			};
			name = Debug;
		};
		14CC363C2DF838FE009D6794 /* Release */ = {
			isa = XCBuildConfiguration;
			buildSettings = {
				ASSETCATALOG_COMPILER_APPICON_NAME = AppIcon;
				ASSETCATALOG_COMPILER_GLOBAL_ACCENT_COLOR_NAME = AccentColor;
				CODE_SIGN_STYLE = Automatic;
				CURRENT_PROJECT_VERSION = 1;
				DEVELOPMENT_TEAM = KFH4Q9R7N7;
				GENERATE_INFOPLIST_FILE = YES;
				INFOPLIST_FILE = MeetLoop/Info.plist;
				INFOPLIST_KEY_UIApplicationSupportsIndirectInputEvents = YES;
				INFOPLIST_KEY_UILaunchStoryboardName = LaunchScreen;
				INFOPLIST_KEY_UIMainStoryboardFile = Main;
				INFOPLIST_KEY_UISupportedInterfaceOrientations_iPad = "UIInterfaceOrientationPortrait UIInterfaceOrientationPortraitUpsideDown UIInterfaceOrientationLandscapeLeft UIInterfaceOrientationLandscapeRight";
				INFOPLIST_KEY_UISupportedInterfaceOrientations_iPhone = "UIInterfaceOrientationPortrait UIInterfaceOrientationLandscapeLeft UIInterfaceOrientationLandscapeRight";
				LD_RUNPATH_SEARCH_PATHS = (
					"$(inherited)",
					"@executable_path/Frameworks",
				);
				MARKETING_VERSION = 1.0;
				PRODUCT_BUNDLE_IDENTIFIER = playos.MeetLoop;
				PRODUCT_NAME = "$(TARGET_NAME)";
				SWIFT_EMIT_LOC_STRINGS = YES;
				SWIFT_VERSION = 5.0;
				TARGETED_DEVICE_FAMILY = "1,2";
			};
			name = Release;
		};
		14CC363D2DF838FE009D6794 /* Debug */ = {
			isa = XCBuildConfiguration;
			buildSettings = {
				ALWAYS_SEARCH_USER_PATHS = NO;
				ASSETCATALOG_COMPILER_GENERATE_SWIFT_ASSET_SYMBOL_EXTENSIONS = YES;
				CLANG_ANALYZER_NONNULL = YES;
				CLANG_ANALYZER_NUMBER_OBJECT_CONVERSION = YES_AGGRESSIVE;
				CLANG_CXX_LANGUAGE_STANDARD = "gnu++20";
				CLANG_ENABLE_MODULES = YES;
				CLANG_ENABLE_OBJC_ARC = YES;
				CLANG_ENABLE_OBJC_WEAK = YES;
				CLANG_WARN_BLOCK_CAPTURE_AUTORELEASING = YES;
				CLANG_WARN_BOOL_CONVERSION = YES;
				CLANG_WARN_COMMA = YES;
				CLANG_WARN_CONSTANT_CONVERSION = YES;
				CLANG_WARN_DEPRECATED_OBJC_IMPLEMENTATIONS = YES;
				CLANG_WARN_DIRECT_OBJC_ISA_USAGE = YES_ERROR;
				CLANG_WARN_DOCUMENTATION_COMMENTS = YES;
				CLANG_WARN_EMPTY_BODY = YES;
				CLANG_WARN_ENUM_CONVERSION = YES;
				CLANG_WARN_INFINITE_RECURSION = YES;
				CLANG_WARN_INT_CONVERSION = YES;
				CLANG_WARN_NON_LITERAL_NULL_CONVERSION = YES;
				CLANG_WARN_OBJC_IMPLICIT_RETAIN_SELF = YES;
				CLANG_WARN_OBJC_LITERAL_CONVERSION = YES;
				CLANG_WARN_OBJC_ROOT_CLASS = YES_ERROR;
				CLANG_WARN_QUOTED_INCLUDE_IN_FRAMEWORK_HEADER = YES;
				CLANG_WARN_RANGE_LOOP_ANALYSIS = YES;
				CLANG_WARN_STRICT_PROTOTYPES = YES;
				CLANG_WARN_SUSPICIOUS_MOVE = YES;
				CLANG_WARN_UNGUARDED_AVAILABILITY = YES_AGGRESSIVE;
				CLANG_WARN_UNREACHABLE_CODE = YES;
				CLANG_WARN__DUPLICATE_METHOD_MATCH = YES;
				COPY_PHASE_STRIP = NO;
				DEBUG_INFORMATION_FORMAT = dwarf;
				ENABLE_STRICT_OBJC_MSGSEND = YES;
				ENABLE_TESTABILITY = YES;
				ENABLE_USER_SCRIPT_SANDBOXING = YES;
				GCC_C_LANGUAGE_STANDARD = gnu17;
				GCC_DYNAMIC_NO_PIC = NO;
				GCC_NO_COMMON_BLOCKS = YES;
				GCC_OPTIMIZATION_LEVEL = 0;
				GCC_PREPROCESSOR_DEFINITIONS = (
					"DEBUG=1",
					"$(inherited)",
				);
				GCC_WARN_64_TO_32_BIT_CONVERSION = YES;
				GCC_WARN_ABOUT_RETURN_TYPE = YES_ERROR;
				GCC_WARN_UNDECLARED_SELECTOR = YES;
				GCC_WARN_UNINITIALIZED_AUTOS = YES_AGGRESSIVE;
				GCC_WARN_UNUSED_FUNCTION = YES;
				GCC_WARN_UNUSED_VARIABLE = YES;
				IPHONEOS_DEPLOYMENT_TARGET = 18.2;
				LOCALIZATION_PREFERS_STRING_CATALOGS = YES;
				MTL_ENABLE_DEBUG_INFO = INCLUDE_SOURCE;
				MTL_FAST_MATH = YES;
				ONLY_ACTIVE_ARCH = YES;
				SDKROOT = iphoneos;
				SWIFT_ACTIVE_COMPILATION_CONDITIONS = "DEBUG $(inherited)";
				SWIFT_OPTIMIZATION_LEVEL = "-Onone";
			};
			name = Debug;
		};
		14CC363E2DF838FE009D6794 /* Release */ = {
			isa = XCBuildConfiguration;
			buildSettings = {
				ALWAYS_SEARCH_USER_PATHS = NO;
				ASSETCATALOG_COMPILER_GENERATE_SWIFT_ASSET_SYMBOL_EXTENSIONS = YES;
				CLANG_ANALYZER_NONNULL = YES;
				CLANG_ANALYZER_NUMBER_OBJECT_CONVERSION = YES_AGGRESSIVE;
				CLANG_CXX_LANGUAGE_STANDARD = "gnu++20";
				CLANG_ENABLE_MODULES = YES;
				CLANG_ENABLE_OBJC_ARC = YES;
				CLANG_ENABLE_OBJC_WEAK = YES;
				CLANG_WARN_BLOCK_CAPTURE_AUTORELEASING = YES;
				CLANG_WARN_BOOL_CONVERSION = YES;
				CLANG_WARN_COMMA = YES;
				CLANG_WARN_CONSTANT_CONVERSION = YES;
				CLANG_WARN_DEPRECATED_OBJC_IMPLEMENTATIONS = YES;
				CLANG_WARN_DIRECT_OBJC_ISA_USAGE = YES_ERROR;
				CLANG_WARN_DOCUMENTATION_COMMENTS = YES;
				CLANG_WARN_EMPTY_BODY = YES;
				CLANG_WARN_ENUM_CONVERSION = YES;
				CLANG_WARN_INFINITE_RECURSION = YES;
				CLANG_WARN_INT_CONVERSION = YES;
				CLANG_WARN_NON_LITERAL_NULL_CONVERSION = YES;
				CLANG_WARN_OBJC_IMPLICIT_RETAIN_SELF = YES;
				CLANG_WARN_OBJC_LITERAL_CONVERSION = YES;
				CLANG_WARN_OBJC_ROOT_CLASS = YES_ERROR;
				CLANG_WARN_QUOTED_INCLUDE_IN_FRAMEWORK_HEADER = YES;
				CLANG_WARN_RANGE_LOOP_ANALYSIS = YES;
				CLANG_WARN_STRICT_PROTOTYPES = YES;
				CLANG_WARN_SUSPICIOUS_MOVE = YES;
				CLANG_WARN_UNGUARDED_AVAILABILITY = YES_AGGRESSIVE;
				CLANG_WARN_UNREACHABLE_CODE = YES;
				CLANG_WARN__DUPLICATE_METHOD_MATCH = YES;
				COPY_PHASE_STRIP = NO;
				DEBUG_INFORMATION_FORMAT = "dwarf-with-dsym";
				ENABLE_NS_ASSERTIONS = NO;
				ENABLE_STRICT_OBJC_MSGSEND = YES;
				ENABLE_USER_SCRIPT_SANDBOXING = YES;
				GCC_C_LANGUAGE_STANDARD = gnu17;
				GCC_NO_COMMON_BLOCKS = YES;
				GCC_WARN_64_TO_32_BIT_CONVERSION = YES;
				GCC_WARN_ABOUT_RETURN_TYPE = YES_ERROR;
				GCC_WARN_UNDECLARED_SELECTOR = YES;
				GCC_WARN_UNINITIALIZED_AUTOS = YES_AGGRESSIVE;
				GCC_WARN_UNUSED_FUNCTION = YES;
				GCC_WARN_UNUSED_VARIABLE = YES;
				IPHONEOS_DEPLOYMENT_TARGET = 18.2;
				LOCALIZATION_PREFERS_STRING_CATALOGS = YES;
				MTL_ENABLE_DEBUG_INFO = NO;
				MTL_FAST_MATH = YES;
				SDKROOT = iphoneos;
				SWIFT_COMPILATION_MODE = wholemodule;
				VALIDATE_PRODUCT = YES;
			};
			name = Release;
		};
		14CC36402DF838FE009D6794 /* Debug */ = {
			isa = XCBuildConfiguration;
			buildSettings = {
				BUNDLE_LOADER = "$(TEST_HOST)";
				CODE_SIGN_STYLE = Automatic;
				CURRENT_PROJECT_VERSION = 1;
				DEVELOPMENT_TEAM = KFH4Q9R7N7;
				GENERATE_INFOPLIST_FILE = YES;
				IPHONEOS_DEPLOYMENT_TARGET = 18.2;
				MARKETING_VERSION = 1.0;
				PRODUCT_BUNDLE_IDENTIFIER = playos.MeetLoopTests;
				PRODUCT_NAME = "$(TARGET_NAME)";
				SWIFT_EMIT_LOC_STRINGS = NO;
				SWIFT_VERSION = 5.0;
				TARGETED_DEVICE_FAMILY = "1,2";
				TEST_HOST = "$(BUILT_PRODUCTS_DIR)/MeetLoop.app/$(BUNDLE_EXECUTABLE_FOLDER_PATH)/MeetLoop";
			};
			name = Debug;
		};
		14CC36412DF838FE009D6794 /* Release */ = {
			isa = XCBuildConfiguration;
			buildSettings = {
				BUNDLE_LOADER = "$(TEST_HOST)";
				CODE_SIGN_STYLE = Automatic;
				CURRENT_PROJECT_VERSION = 1;
				DEVELOPMENT_TEAM = KFH4Q9R7N7;
				GENERATE_INFOPLIST_FILE = YES;
				IPHONEOS_DEPLOYMENT_TARGET = 18.2;
				MARKETING_VERSION = 1.0;
				PRODUCT_BUNDLE_IDENTIFIER = playos.MeetLoopTests;
				PRODUCT_NAME = "$(TARGET_NAME)";
				SWIFT_EMIT_LOC_STRINGS = NO;
				SWIFT_VERSION = 5.0;
				TARGETED_DEVICE_FAMILY = "1,2";
				TEST_HOST = "$(BUILT_PRODUCTS_DIR)/MeetLoop.app/$(BUNDLE_EXECUTABLE_FOLDER_PATH)/MeetLoop";
			};
			name = Release;
		};
		14CC36432DF838FE009D6794 /* Debug */ = {
			isa = XCBuildConfiguration;
			buildSettings = {
				CODE_SIGN_STYLE = Automatic;
				CURRENT_PROJECT_VERSION = 1;
				DEVELOPMENT_TEAM = KFH4Q9R7N7;
				GENERATE_INFOPLIST_FILE = YES;
				MARKETING_VERSION = 1.0;
				PRODUCT_BUNDLE_IDENTIFIER = playos.MeetLoopUITests;
				PRODUCT_NAME = "$(TARGET_NAME)";
				SWIFT_EMIT_LOC_STRINGS = NO;
				SWIFT_VERSION = 5.0;
				TARGETED_DEVICE_FAMILY = "1,2";
				TEST_TARGET_NAME = MeetLoop;
			};
			name = Debug;
		};
		14CC36442DF838FE009D6794 /* Release */ = {
			isa = XCBuildConfiguration;
			buildSettings = {
				CODE_SIGN_STYLE = Automatic;
				CURRENT_PROJECT_VERSION = 1;
				DEVELOPMENT_TEAM = KFH4Q9R7N7;
				GENERATE_INFOPLIST_FILE = YES;
				MARKETING_VERSION = 1.0;
				PRODUCT_BUNDLE_IDENTIFIER = playos.MeetLoopUITests;
				PRODUCT_NAME = "$(TARGET_NAME)";
				SWIFT_EMIT_LOC_STRINGS = NO;
				SWIFT_VERSION = 5.0;
				TARGETED_DEVICE_FAMILY = "1,2";
				TEST_TARGET_NAME = MeetLoop;
			};
			name = Release;
		};
/* End XCBuildConfiguration section */

/* Begin XCConfigurationList section */
		14CC360C2DF838FC009D6794 /* Build configuration list for PBXProject "MeetLoop" */ = {
			isa = XCConfigurationList;
			buildConfigurations = (
				14CC363D2DF838FE009D6794 /* Debug */,
				14CC363E2DF838FE009D6794 /* Release */,
			);
			defaultConfigurationIsVisible = 0;
			defaultConfigurationName = Release;
		};
		14CC363A2DF838FE009D6794 /* Build configuration list for PBXNativeTarget "MeetLoop" */ = {
			isa = XCConfigurationList;
			buildConfigurations = (
				14CC363B2DF838FE009D6794 /* Debug */,
				14CC363C2DF838FE009D6794 /* Release */,
			);
			defaultConfigurationIsVisible = 0;
			defaultConfigurationName = Release;
		};
		14CC363F2DF838FE009D6794 /* Build configuration list for PBXNativeTarget "MeetLoopTests" */ = {
			isa = XCConfigurationList;
			buildConfigurations = (
				14CC36402DF838FE009D6794 /* Debug */,
				14CC36412DF838FE009D6794 /* Release */,
			);
			defaultConfigurationIsVisible = 0;
			defaultConfigurationName = Release;
		};
		14CC36422DF838FE009D6794 /* Build configuration list for PBXNativeTarget "MeetLoopUITests" */ = {
			isa = XCConfigurationList;
			buildConfigurations = (
				14CC36432DF838FE009D6794 /* Debug */,
				14CC36442DF838FE009D6794 /* Release */,
			);
			defaultConfigurationIsVisible = 0;
			defaultConfigurationName = Release;
		};
/* End XCConfigurationList section */
	};
	rootObject = 14CC36092DF838FC009D6794 /* Project object */;
}
